// !$*UTF8*$!
{
	archiveVersion = 1;
	classes = {
	};
	objectVersion = 50;
	objects = {

/* Begin PBXBuildFile section */
		9A16248825A0015700424553 /* ViewController.xib in Resources */ = {isa = PBXBuildFile; fileRef = 9A16248725A0015700424553 /* ViewController.xib */; };
		9A16249325A0026400424553 /* BoardGame.swift in Sources */ = {isa = PBXBuildFile; fileRef = 9A16249225A0026400424553 /* BoardGame.swift */; };
		9A38AB6C259FE934001A9252 /* AppDelegate.swift in Sources */ = {isa = PBXBuildFile; fileRef = 9A38AB6B259FE934001A9252 /* AppDelegate.swift */; };
		9A38AB6E259FE934001A9252 /* SceneDelegate.swift in Sources */ = {isa = PBXBuildFile; fileRef = 9A38AB6D259FE934001A9252 /* SceneDelegate.swift */; };
		9A38AB70259FE934001A9252 /* ViewController.swift in Sources */ = {isa = PBXBuildFile; fileRef = 9A38AB6F259FE934001A9252 /* ViewController.swift */; };
		9A38AB75259FE936001A9252 /* Assets.xcassets in Resources */ = {isa = PBXBuildFile; fileRef = 9A38AB74259FE936001A9252 /* Assets.xcassets */; };
		9A38AB78259FE936001A9252 /* LaunchScreen.storyboard in Resources */ = {isa = PBXBuildFile; fileRef = 9A38AB76259FE936001A9252 /* LaunchScreen.storyboard */; };
		9A38AB83259FE936001A9252 /* ViewControllerTests.swift in Sources */ = {isa = PBXBuildFile; fileRef = 9A38AB82259FE936001A9252 /* ViewControllerTests.swift */; };
/* End PBXBuildFile section */

/* Begin PBXContainerItemProxy section */
		9A38AB7F259FE936001A9252 /* PBXContainerItemProxy */ = {
			isa = PBXContainerItemProxy;
			containerPortal = 9A38AB60259FE934001A9252 /* Project object */;
			proxyType = 1;
			remoteGlobalIDString = 9A38AB67259FE934001A9252;
			remoteInfo = Mirroring;
		};
		9A38AB8A259FE936001A9252 /* PBXContainerItemProxy */ = {
			isa = PBXContainerItemProxy;
			containerPortal = 9A38AB60259FE934001A9252 /* Project object */;
			proxyType = 1;
			remoteGlobalIDString = 9A38AB67259FE934001A9252;
			remoteInfo = Mirroring;
		};
/* End PBXContainerItemProxy section */

/* Begin PBXFileReference section */
		9A16248725A0015700424553 /* ViewController.xib */ = {isa = PBXFileReference; lastKnownFileType = file.xib; path = ViewController.xib; sourceTree = "<group>"; };
		9A16249225A0026400424553 /* BoardGame.swift */ = {isa = PBXFileReference; lastKnownFileType = sourcecode.swift; path = BoardGame.swift; sourceTree = "<group>"; };
		9A38AB68259FE934001A9252 /* Mirroring.app */ = {isa = PBXFileReference; explicitFileType = wrapper.application; includeInIndex = 0; path = Mirroring.app; sourceTree = BUILT_PRODUCTS_DIR; };
		9A38AB6B259FE934001A9252 /* AppDelegate.swift */ = {isa = PBXFileReference; lastKnownFileType = sourcecode.swift; path = AppDelegate.swift; sourceTree = "<group>"; };
		9A38AB6D259FE934001A9252 /* SceneDelegate.swift */ = {isa = PBXFileReference; lastKnownFileType = sourcecode.swift; path = SceneDelegate.swift; sourceTree = "<group>"; };
		9A38AB6F259FE934001A9252 /* ViewController.swift */ = {isa = PBXFileReference; lastKnownFileType = sourcecode.swift; path = ViewController.swift; sourceTree = "<group>"; };
		9A38AB74259FE936001A9252 /* Assets.xcassets */ = {isa = PBXFileReference; lastKnownFileType = folder.assetcatalog; path = Assets.xcassets; sourceTree = "<group>"; };
		9A38AB77259FE936001A9252 /* Base */ = {isa = PBXFileReference; lastKnownFileType = file.storyboard; name = Base; path = Base.lproj/LaunchScreen.storyboard; sourceTree = "<group>"; };
		9A38AB79259FE936001A9252 /* Info.plist */ = {isa = PBXFileReference; lastKnownFileType = text.plist.xml; path = Info.plist; sourceTree = "<group>"; };
		9A38AB7E259FE936001A9252 /* MirroringTests.xctest */ = {isa = PBXFileReference; explicitFileType = wrapper.cfbundle; includeInIndex = 0; path = MirroringTests.xctest; sourceTree = BUILT_PRODUCTS_DIR; };
		9A38AB82259FE936001A9252 /* ViewControllerTests.swift */ = {isa = PBXFileReference; lastKnownFileType = sourcecode.swift; path = ViewControllerTests.swift; sourceTree = "<group>"; };
		9A38AB84259FE936001A9252 /* Info.plist */ = {isa = PBXFileReference; lastKnownFileType = text.plist.xml; path = Info.plist; sourceTree = "<group>"; };
		9A38AB89259FE936001A9252 /* MirroringUITests.xctest */ = {isa = PBXFileReference; explicitFileType = wrapper.cfbundle; includeInIndex = 0; path = MirroringUITests.xctest; sourceTree = BUILT_PRODUCTS_DIR; };
/* End PBXFileReference section */

/* Begin PBXFrameworksBuildPhase section */
		9A38AB65259FE934001A9252 /* Frameworks */ = {
			isa = PBXFrameworksBuildPhase;
			buildActionMask = 2147483647;
			files = (
			);
			runOnlyForDeploymentPostprocessing = 0;
		};
		9A38AB7B259FE936001A9252 /* Frameworks */ = {
			isa = PBXFrameworksBuildPhase;
			buildActionMask = 2147483647;
			files = (
			);
			runOnlyForDeploymentPostprocessing = 0;
		};
		9A38AB86259FE936001A9252 /* Frameworks */ = {
			isa = PBXFrameworksBuildPhase;
			buildActionMask = 2147483647;
			files = (
			);
			runOnlyForDeploymentPostprocessing = 0;
		};
/* End PBXFrameworksBuildPhase section */

/* Begin PBXGroup section */
		9A38AB5F259FE934001A9252 = {
			isa = PBXGroup;
			children = (
				9A38AB6A259FE934001A9252 /* Mirroring */,
				9A38AB81259FE936001A9252 /* MirroringTests */,
				9A38AB69259FE934001A9252 /* Products */,
			);
			sourceTree = "<group>";
		};
		9A38AB69259FE934001A9252 /* Products */ = {
			isa = PBXGroup;
			children = (
				9A38AB68259FE934001A9252 /* Mirroring.app */,
				9A38AB7E259FE936001A9252 /* MirroringTests.xctest */,
				9A38AB89259FE936001A9252 /* MirroringUITests.xctest */,
			);
			name = Products;
			sourceTree = "<group>";
		};
		9A38AB6A259FE934001A9252 /* Mirroring */ = {
			isa = PBXGroup;
			children = (
				9A38AB6B259FE934001A9252 /* AppDelegate.swift */,
				9A38AB6D259FE934001A9252 /* SceneDelegate.swift */,
				9A38AB6F259FE934001A9252 /* ViewController.swift */,
				9A38AB74259FE936001A9252 /* Assets.xcassets */,
				9A38AB76259FE936001A9252 /* LaunchScreen.storyboard */,
				9A38AB79259FE936001A9252 /* Info.plist */,
				9A16248725A0015700424553 /* ViewController.xib */,
				9A16249225A0026400424553 /* BoardGame.swift */,
			);
			path = Mirroring;
			sourceTree = "<group>";
		};
		9A38AB81259FE936001A9252 /* MirroringTests */ = {
			isa = PBXGroup;
			children = (
				9A38AB82259FE936001A9252 /* ViewControllerTests.swift */,
				9A38AB84259FE936001A9252 /* Info.plist */,
			);
			path = MirroringTests;
			sourceTree = "<group>";
		};
/* End PBXGroup section */

/* Begin PBXNativeTarget section */
		9A38AB67259FE934001A9252 /* Mirroring */ = {
			isa = PBXNativeTarget;
			buildConfigurationList = 9A38AB92259FE936001A9252 /* Build configuration list for PBXNativeTarget "Mirroring" */;
			buildPhases = (
				9A38AB64259FE934001A9252 /* Sources */,
				9A38AB65259FE934001A9252 /* Frameworks */,
				9A38AB66259FE934001A9252 /* Resources */,
			);
			buildRules = (
			);
			dependencies = (
			);
			name = Mirroring;
			productName = Mirroring;
			productReference = 9A38AB68259FE934001A9252 /* Mirroring.app */;
			productType = "com.apple.product-type.application";
		};
		9A38AB7D259FE936001A9252 /* MirroringTests */ = {
			isa = PBXNativeTarget;
			buildConfigurationList = 9A38AB95259FE936001A9252 /* Build configuration list for PBXNativeTarget "MirroringTests" */;
			buildPhases = (
				9A38AB7A259FE936001A9252 /* Sources */,
				9A38AB7B259FE936001A9252 /* Frameworks */,
				9A38AB7C259FE936001A9252 /* Resources */,
			);
			buildRules = (
			);
			dependencies = (
				9A38AB80259FE936001A9252 /* PBXTargetDependency */,
			);
			name = MirroringTests;
			productName = MirroringTests;
			productReference = 9A38AB7E259FE936001A9252 /* MirroringTests.xctest */;
			productType = "com.apple.product-type.bundle.unit-test";
		};
		9A38AB88259FE936001A9252 /* MirroringUITests */ = {
			isa = PBXNativeTarget;
			buildConfigurationList = 9A38AB98259FE936001A9252 /* Build configuration list for PBXNativeTarget "MirroringUITests" */;
			buildPhases = (
				9A38AB85259FE936001A9252 /* Sources */,
				9A38AB86259FE936001A9252 /* Frameworks */,
				9A38AB87259FE936001A9252 /* Resources */,
			);
			buildRules = (
			);
			dependencies = (
				9A38AB8B259FE936001A9252 /* PBXTargetDependency */,
			);
			name = MirroringUITests;
			productName = MirroringUITests;
			productReference = 9A38AB89259FE936001A9252 /* MirroringUITests.xctest */;
			productType = "com.apple.product-type.bundle.ui-testing";
		};
/* End PBXNativeTarget section */

/* Begin PBXProject section */
		9A38AB60259FE934001A9252 /* Project object */ = {
			isa = PBXProject;
			attributes = {
				LastSwiftUpdateCheck = 1230;
				LastUpgradeCheck = 1230;
				TargetAttributes = {
					9A38AB67259FE934001A9252 = {
						CreatedOnToolsVersion = 12.3;
					};
					9A38AB7D259FE936001A9252 = {
						CreatedOnToolsVersion = 12.3;
						TestTargetID = 9A38AB67259FE934001A9252;
					};
					9A38AB88259FE936001A9252 = {
						CreatedOnToolsVersion = 12.3;
						TestTargetID = 9A38AB67259FE934001A9252;
					};
				};
			};
			buildConfigurationList = 9A38AB63259FE934001A9252 /* Build configuration list for PBXProject "Mirroring" */;
			compatibilityVersion = "Xcode 9.3";
			developmentRegion = en;
			hasScannedForEncodings = 0;
			knownRegions = (
				en,
				Base,
			);
			mainGroup = 9A38AB5F259FE934001A9252;
			productRefGroup = 9A38AB69259FE934001A9252 /* Products */;
			projectDirPath = "";
			projectRoot = "";
			targets = (
				9A38AB67259FE934001A9252 /* Mirroring */,
				9A38AB7D259FE936001A9252 /* MirroringTests */,
				9A38AB88259FE936001A9252 /* MirroringUITests */,
			);
		};
/* End PBXProject section */

/* Begin PBXResourcesBuildPhase section */
		9A38AB66259FE934001A9252 /* Resources */ = {
			isa = PBXResourcesBuildPhase;
			buildActionMask = 2147483647;
			files = (
				9A38AB78259FE936001A9252 /* LaunchScreen.storyboard in Resources */,
				9A38AB75259FE936001A9252 /* Assets.xcassets in Resources */,
				9A16248825A0015700424553 /* ViewController.xib in Resources */,
			);
			runOnlyForDeploymentPostprocessing = 0;
		};
		9A38AB7C259FE936001A9252 /* Resources */ = {
			isa = PBXResourcesBuildPhase;
			buildActionMask = 2147483647;
			files = (
			);
			runOnlyForDeploymentPostprocessing = 0;
		};
		9A38AB87259FE936001A9252 /* Resources */ = {
			isa = PBXResourcesBuildPhase;
			buildActionMask = 2147483647;
			files = (
			);
			runOnlyForDeploymentPostprocessing = 0;
		};
/* End PBXResourcesBuildPhase section */

/* Begin PBXSourcesBuildPhase section */
		9A38AB64259FE934001A9252 /* Sources */ = {
			isa = PBXSourcesBuildPhase;
			buildActionMask = 2147483647;
			files = (
				9A16249325A0026400424553 /* BoardGame.swift in Sources */,
				9A38AB70259FE934001A9252 /* ViewController.swift in Sources */,
				9A38AB6C259FE934001A9252 /* AppDelegate.swift in Sources */,
				9A38AB6E259FE934001A9252 /* SceneDelegate.swift in Sources */,
			);
			runOnlyForDeploymentPostprocessing = 0;
		};
		9A38AB7A259FE936001A9252 /* Sources */ = {
			isa = PBXSourcesBuildPhase;
			buildActionMask = 2147483647;
			files = (
				9A38AB83259FE936001A9252 /* ViewControllerTests.swift in Sources */,
			);
			runOnlyForDeploymentPostprocessing = 0;
		};
		9A38AB85259FE936001A9252 /* Sources */ = {
			isa = PBXSourcesBuildPhase;
			buildActionMask = 2147483647;
			files = (
			);
			runOnlyForDeploymentPostprocessing = 0;
		};
/* End PBXSourcesBuildPhase section */

/* Begin PBXTargetDependency section */
		9A38AB80259FE936001A9252 /* PBXTargetDependency */ = {
			isa = PBXTargetDependency;
			target = 9A38AB67259FE934001A9252 /* Mirroring */;
			targetProxy = 9A38AB7F259FE936001A9252 /* PBXContainerItemProxy */;
		};
		9A38AB8B259FE936001A9252 /* PBXTargetDependency */ = {
			isa = PBXTargetDependency;
			target = 9A38AB67259FE934001A9252 /* Mirroring */;
			targetProxy = 9A38AB8A259FE936001A9252 /* PBXContainerItemProxy */;
		};
/* End PBXTargetDependency section */

/* Begin PBXVariantGroup section */
		9A38AB76259FE936001A9252 /* LaunchScreen.storyboard */ = {
			isa = PBXVariantGroup;
			children = (
				9A38AB77259FE936001A9252 /* Base */,
			);
			name = LaunchScreen.storyboard;
			sourceTree = "<group>";
		};
/* End PBXVariantGroup section */

/* Begin XCBuildConfiguration section */
		9A38AB90259FE936001A9252 /* Debug */ = {
			isa = XCBuildConfiguration;
			buildSettings = {
				ALWAYS_SEARCH_USER_PATHS = NO;
				CLANG_ANALYZER_NONNULL = YES;
				CLANG_ANALYZER_NUMBER_OBJECT_CONVERSION = YES_AGGRESSIVE;
				CLANG_CXX_LANGUAGE_STANDARD = "gnu++14";
				CLANG_CXX_LIBRARY = "libc++";
				CLANG_ENABLE_MODULES = YES;
				CLANG_ENABLE_OBJC_ARC = YES;
				CLANG_ENABLE_OBJC_WEAK = YES;
				CLANG_WARN_BLOCK_CAPTURE_AUTORELEASING = YES;
				CLANG_WARN_BOOL_CONVERSION = YES;
				CLANG_WARN_COMMA = YES;
				CLANG_WARN_CONSTANT_CONVERSION = YES;
				CLANG_WARN_DEPRECATED_OBJC_IMPLEMENTATIONS = YES;
				CLANG_WARN_DIRECT_OBJC_ISA_USAGE = YES_ERROR;
				CLANG_WARN_DOCUMENTATION_COMMENTS = YES;
				CLANG_WARN_EMPTY_BODY = YES;
				CLANG_WARN_ENUM_CONVERSION = YES;
				CLANG_WARN_INFINITE_RECURSION = YES;
				CLANG_WARN_INT_CONVERSION = YES;
				CLANG_WARN_NON_LITERAL_NULL_CONVERSION = YES;
				CLANG_WARN_OBJC_IMPLICIT_RETAIN_SELF = YES;
				CLANG_WARN_OBJC_LITERAL_CONVERSION = YES;
				CLANG_WARN_OBJC_ROOT_CLASS = YES_ERROR;
				CLANG_WARN_QUOTED_INCLUDE_IN_FRAMEWORK_HEADER = YES;
				CLANG_WARN_RANGE_LOOP_ANALYSIS = YES;
				CLANG_WARN_STRICT_PROTOTYPES = YES;
				CLANG_WARN_SUSPICIOUS_MOVE = YES;
				CLANG_WARN_UNGUARDED_AVAILABILITY = YES_AGGRESSIVE;
				CLANG_WARN_UNREACHABLE_CODE = YES;
				CLANG_WARN__DUPLICATE_METHOD_MATCH = YES;
				COPY_PHASE_STRIP = NO;
				DEBUG_INFORMATION_FORMAT = dwarf;
				ENABLE_STRICT_OBJC_MSGSEND = YES;
				ENABLE_TESTABILITY = YES;
				GCC_C_LANGUAGE_STANDARD = gnu11;
				GCC_DYNAMIC_NO_PIC = NO;
				GCC_NO_COMMON_BLOCKS = YES;
				GCC_OPTIMIZATION_LEVEL = 0;
				GCC_PREPROCESSOR_DEFINITIONS = (
					"DEBUG=1",
					"$(inherited)",
				);
				GCC_WARN_64_TO_32_BIT_CONVERSION = YES;
				GCC_WARN_ABOUT_RETURN_TYPE = YES_ERROR;
				GCC_WARN_UNDECLARED_SELECTOR = YES;
				GCC_WARN_UNINITIALIZED_AUTOS = YES_AGGRESSIVE;
				GCC_WARN_UNUSED_FUNCTION = YES;
				GCC_WARN_UNUSED_VARIABLE = YES;
				IPHONEOS_DEPLOYMENT_TARGET = 14.3;
				MTL_ENABLE_DEBUG_INFO = INCLUDE_SOURCE;
				MTL_FAST_MATH = YES;
				ONLY_ACTIVE_ARCH = YES;
				SDKROOT = iphoneos;
				SWIFT_ACTIVE_COMPILATION_CONDITIONS = DEBUG;
				SWIFT_OPTIMIZATION_LEVEL = "-Onone";
			};
			name = Debug;
		};
		9A38AB91259FE936001A9252 /* Release */ = {
			isa = XCBuildConfiguration;
			buildSettings = {
				ALWAYS_SEARCH_USER_PATHS = NO;
				CLANG_ANALYZER_NONNULL = YES;
				CLANG_ANALYZER_NUMBER_OBJECT_CONVERSION = YES_AGGRESSIVE;
				CLANG_CXX_LANGUAGE_STANDARD = "gnu++14";
				CLANG_CXX_LIBRARY = "libc++";
				CLANG_ENABLE_MODULES = YES;
				CLANG_ENABLE_OBJC_ARC = YES;
				CLANG_ENABLE_OBJC_WEAK = YES;
				CLANG_WARN_BLOCK_CAPTURE_AUTORELEASING = YES;
				CLANG_WARN_BOOL_CONVERSION = YES;
				CLANG_WARN_COMMA = YES;
				CLANG_WARN_CONSTANT_CONVERSION = YES;
				CLANG_WARN_DEPRECATED_OBJC_IMPLEMENTATIONS = YES;
				CLANG_WARN_DIRECT_OBJC_ISA_USAGE = YES_ERROR;
				CLANG_WARN_DOCUMENTATION_COMMENTS = YES;
				CLANG_WARN_EMPTY_BODY = YES;
				CLANG_WARN_ENUM_CONVERSION = YES;
				CLANG_WARN_INFINITE_RECURSION = YES;
				CLANG_WARN_INT_CONVERSION = YES;
				CLANG_WARN_NON_LITERAL_NULL_CONVERSION = YES;
				CLANG_WARN_OBJC_IMPLICIT_RETAIN_SELF = YES;
				CLANG_WARN_OBJC_LITERAL_CONVERSION = YES;
				CLANG_WARN_OBJC_ROOT_CLASS = YES_ERROR;
				CLANG_WARN_QUOTED_INCLUDE_IN_FRAMEWORK_HEADER = YES;
				CLANG_WARN_RANGE_LOOP_ANALYSIS = YES;
				CLANG_WARN_STRICT_PROTOTYPES = YES;
				CLANG_WARN_SUSPICIOUS_MOVE = YES;
				CLANG_WARN_UNGUARDED_AVAILABILITY = YES_AGGRESSIVE;
				CLANG_WARN_UNREACHABLE_CODE = YES;
				CLANG_WARN__DUPLICATE_METHOD_MATCH = YES;
				COPY_PHASE_STRIP = NO;
				DEBUG_INFORMATION_FORMAT = "dwarf-with-dsym";
				ENABLE_NS_ASSERTIONS = NO;
				ENABLE_STRICT_OBJC_MSGSEND = YES;
				GCC_C_LANGUAGE_STANDARD = gnu11;
				GCC_NO_COMMON_BLOCKS = YES;
				GCC_WARN_64_TO_32_BIT_CONVERSION = YES;
				GCC_WARN_ABOUT_RETURN_TYPE = YES_ERROR;
				GCC_WARN_UNDECLARED_SELECTOR = YES;
				GCC_WARN_UNINITIALIZED_AUTOS = YES_AGGRESSIVE;
				GCC_WARN_UNUSED_FUNCTION = YES;
				GCC_WARN_UNUSED_VARIABLE = YES;
				IPHONEOS_DEPLOYMENT_TARGET = 14.3;
				MTL_ENABLE_DEBUG_INFO = NO;
				MTL_FAST_MATH = YES;
				SDKROOT = iphoneos;
				SWIFT_COMPILATION_MODE = wholemodule;
				SWIFT_OPTIMIZATION_LEVEL = "-O";
				VALIDATE_PRODUCT = YES;
			};
			name = Release;
		};
		9A38AB93259FE936001A9252 /* Debug */ = {
			isa = XCBuildConfiguration;
			buildSettings = {
				ASSETCATALOG_COMPILER_APPICON_NAME = AppIcon;
				ASSETCATALOG_COMPILER_GLOBAL_ACCENT_COLOR_NAME = AccentColor;
				CODE_SIGN_STYLE = Automatic;
				INFOPLIST_FILE = Mirroring/Info.plist;
				LD_RUNPATH_SEARCH_PATHS = (
					"$(inherited)",
					"@executable_path/Frameworks",
				);
				PRODUCT_BUNDLE_IDENTIFIER = com.ifcaselet.Mirroring;
				PRODUCT_NAME = "$(TARGET_NAME)";
				SWIFT_VERSION = 5.0;
				TARGETED_DEVICE_FAMILY = "1,2";
			};
			name = Debug;
		};
		9A38AB94259FE936001A9252 /* Release */ = {
			isa = XCBuildConfiguration;
			buildSettings = {
				ASSETCATALOG_COMPILER_APPICON_NAME = AppIcon;
				ASSETCATALOG_COMPILER_GLOBAL_ACCENT_COLOR_NAME = AccentColor;
				CODE_SIGN_STYLE = Automatic;
				INFOPLIST_FILE = Mirroring/Info.plist;
				LD_RUNPATH_SEARCH_PATHS = (
					"$(inherited)",
					"@executable_path/Frameworks",
				);
				PRODUCT_BUNDLE_IDENTIFIER = com.ifcaselet.Mirroring;
				PRODUCT_NAME = "$(TARGET_NAME)";
				SWIFT_VERSION = 5.0;
				TARGETED_DEVICE_FAMILY = "1,2";
			};
			name = Release;
		};
		9A38AB96259FE936001A9252 /* Debug */ = {
			isa = XCBuildConfiguration;
			buildSettings = {
				ALWAYS_EMBED_SWIFT_STANDARD_LIBRARIES = YES;
				BUNDLE_LOADER = "$(TEST_HOST)";
				CODE_SIGN_STYLE = Automatic;
				INFOPLIST_FILE = MirroringTests/Info.plist;
				IPHONEOS_DEPLOYMENT_TARGET = 14.3;
				LD_RUNPATH_SEARCH_PATHS = (
					"$(inherited)",
					"@executable_path/Frameworks",
					"@loader_path/Frameworks",
				);
				PRODUCT_BUNDLE_IDENTIFIER = com.ifcaselet.MirroringTests;
				PRODUCT_NAME = "$(TARGET_NAME)";
				SWIFT_VERSION = 5.0;
				TARGETED_DEVICE_FAMILY = "1,2";
				TEST_HOST = "$(BUILT_PRODUCTS_DIR)/Mirroring.app/Mirroring";
			};
			name = Debug;
		};
		9A38AB97259FE936001A9252 /* Release */ = {
			isa = XCBuildConfiguration;
			buildSettings = {
				ALWAYS_EMBED_SWIFT_STANDARD_LIBRARIES = YES;
				BUNDLE_LOADER = "$(TEST_HOST)";
				CODE_SIGN_STYLE = Automatic;
				INFOPLIST_FILE = MirroringTests/Info.plist;
				IPHONEOS_DEPLOYMENT_TARGET = 14.3;
				LD_RUNPATH_SEARCH_PATHS = (
					"$(inherited)",
					"@executable_path/Frameworks",
					"@loader_path/Frameworks",
				);
				PRODUCT_BUNDLE_IDENTIFIER = com.ifcaselet.MirroringTests;
				PRODUCT_NAME = "$(TARGET_NAME)";
				SWIFT_VERSION = 5.0;
				TARGETED_DEVICE_FAMILY = "1,2";
				TEST_HOST = "$(BUILT_PRODUCTS_DIR)/Mirroring.app/Mirroring";
			};
			name = Release;
		};
		9A38AB99259FE936001A9252 /* Debug */ = {
			isa = XCBuildConfiguration;
			buildSettings = {
				ALWAYS_EMBED_SWIFT_STANDARD_LIBRARIES = YES;
				CODE_SIGN_STYLE = Automatic;
				INFOPLIST_FILE = MirroringUITests/Info.plist;
				LD_RUNPATH_SEARCH_PATHS = (
					"$(inherited)",
					"@executable_path/Frameworks",
					"@loader_path/Frameworks",
				);
				PRODUCT_BUNDLE_IDENTIFIER = com.ifcaselet.MirroringUITests;
				PRODUCT_NAME = "$(TARGET_NAME)";
				SWIFT_VERSION = 5.0;
				TARGETED_DEVICE_FAMILY = "1,2";
				TEST_TARGET_NAME = Mirroring;
			};
			name = Debug;
		};
		9A38AB9A259FE936001A9252 /* Release */ = {
			isa = XCBuildConfiguration;
			buildSettings = {
				ALWAYS_EMBED_SWIFT_STANDARD_LIBRARIES = YES;
				CODE_SIGN_STYLE = Automatic;
				INFOPLIST_FILE = MirroringUITests/Info.plist;
				LD_RUNPATH_SEARCH_PATHS = (
					"$(inherited)",
					"@executable_path/Frameworks",
					"@loader_path/Frameworks",
				);
				PRODUCT_BUNDLE_IDENTIFIER = com.ifcaselet.MirroringUITests;
				PRODUCT_NAME = "$(TARGET_NAME)";
				SWIFT_VERSION = 5.0;
				TARGETED_DEVICE_FAMILY = "1,2";
				TEST_TARGET_NAME = Mirroring;
			};
			name = Release;
		};
/* End XCBuildConfiguration section */

/* Begin XCConfigurationList section */
		9A38AB63259FE934001A9252 /* Build configuration list for PBXProject "Mirroring" */ = {
			isa = XCConfigurationList;
			buildConfigurations = (
				9A38AB90259FE936001A9252 /* Debug */,
				9A38AB91259FE936001A9252 /* Release */,
			);
			defaultConfigurationIsVisible = 0;
			defaultConfigurationName = Release;
		};
		9A38AB92259FE936001A9252 /* Build configuration list for PBXNativeTarget "Mirroring" */ = {
			isa = XCConfigurationList;
			buildConfigurations = (
				9A38AB93259FE936001A9252 /* Debug */,
				9A38AB94259FE936001A9252 /* Release */,
			);
			defaultConfigurationIsVisible = 0;
			defaultConfigurationName = Release;
		};
		9A38AB95259FE936001A9252 /* Build configuration list for PBXNativeTarget "MirroringTests" */ = {
			isa = XCConfigurationList;
			buildConfigurations = (
				9A38AB96259FE936001A9252 /* Debug */,
				9A38AB97259FE936001A9252 /* Release */,
			);
			defaultConfigurationIsVisible = 0;
			defaultConfigurationName = Release;
		};
		9A38AB98259FE936001A9252 /* Build configuration list for PBXNativeTarget "MirroringUITests" */ = {
			isa = XCConfigurationList;
			buildConfigurations = (
				9A38AB99259FE936001A9252 /* Debug */,
				9A38AB9A259FE936001A9252 /* Release */,
			);
			defaultConfigurationIsVisible = 0;
			defaultConfigurationName = Release;
		};
/* End XCConfigurationList section */
	};
	rootObject = 9A38AB60259FE934001A9252 /* Project object */;
}
