// !$*UTF8*$!
{
	archiveVersion = 1;
	classes = {
	};
	objectVersion = 50;
	objects = {

/* Begin PBXBuildFile section */
		9A0FDB08265E9E4600F99A97 /* PerformanceTestViewController.swift in Sources */ = {isa = PBXBuildFile; fileRef = 9A0FDB07265E9E4600F99A97 /* PerformanceTestViewController.swift */; };
		9A536484265D89B7001A322B /* App.xcdatamodeld in Sources */ = {isa = PBXBuildFile; fileRef = 9A536482265D89B7001A322B /* App.xcdatamodeld */; };
		9A536488265D90E4001A322B /* CoreDataUtils.swift in Sources */ = {isa = PBXBuildFile; fileRef = 9AE3432025ABF7640027965B /* CoreDataUtils.swift */; };
		9A536490265D9D1B001A322B /* CoreDataStack.swift in Sources */ = {isa = PBXBuildFile; fileRef = 9A53648F265D9D1B001A322B /* CoreDataStack.swift */; };
		9A8AA5A925ABE6E000418C23 /* AppDelegate.swift in Sources */ = {isa = PBXBuildFile; fileRef = 9A8AA5A825ABE6E000418C23 /* AppDelegate.swift */; };
		9A8AA5AB25ABE6E000418C23 /* SceneDelegate.swift in Sources */ = {isa = PBXBuildFile; fileRef = 9A8AA5AA25ABE6E000418C23 /* SceneDelegate.swift */; };
		9A8AA5AD25ABE6E000418C23 /* ViewController.swift in Sources */ = {isa = PBXBuildFile; fileRef = 9A8AA5AC25ABE6E000418C23 /* ViewController.swift */; };
		9A8AA5B025ABE6E000418C23 /* Main.storyboard in Resources */ = {isa = PBXBuildFile; fileRef = 9A8AA5AE25ABE6E000418C23 /* Main.storyboard */; };
		9A8AA5B525ABE6E100418C23 /* Assets.xcassets in Resources */ = {isa = PBXBuildFile; fileRef = 9A8AA5B425ABE6E100418C23 /* Assets.xcassets */; };
		9A8AA5B825ABE6E100418C23 /* LaunchScreen.storyboard in Resources */ = {isa = PBXBuildFile; fileRef = 9A8AA5B625ABE6E100418C23 /* LaunchScreen.storyboard */; };
		9A8AA5C325ABE6E100418C23 /* MigrationTests.swift in Sources */ = {isa = PBXBuildFile; fileRef = 9A8AA5C225ABE6E100418C23 /* MigrationTests.swift */; };
		9ACFB5F22695E59A006C2F3C /* NestedCoreDataStack.swift in Sources */ = {isa = PBXBuildFile; fileRef = 9ACFB5F12695E59A006C2F3C /* NestedCoreDataStack.swift */; };
/* End PBXBuildFile section */

/* Begin PBXContainerItemProxy section */
		9A8AA5BF25ABE6E100418C23 /* PBXContainerItemProxy */ = {
			isa = PBXContainerItemProxy;
			containerPortal = 9A8AA59D25ABE6E000418C23 /* Project object */;
			proxyType = 1;
			remoteGlobalIDString = 9A8AA5A425ABE6E000418C23;
			remoteInfo = App;
		};
		9A8AA5CA25ABE6E100418C23 /* PBXContainerItemProxy */ = {
			isa = PBXContainerItemProxy;
			containerPortal = 9A8AA59D25ABE6E000418C23 /* Project object */;
			proxyType = 1;
			remoteGlobalIDString = 9A8AA5A425ABE6E000418C23;
			remoteInfo = App;
		};
/* End PBXContainerItemProxy section */

/* Begin PBXFileReference section */
		9A0FDB07265E9E4600F99A97 /* PerformanceTestViewController.swift */ = {isa = PBXFileReference; lastKnownFileType = sourcecode.swift; path = PerformanceTestViewController.swift; sourceTree = "<group>"; };
		9A536483265D89B7001A322B /* App.xcdatamodel */ = {isa = PBXFileReference; lastKnownFileType = wrapper.xcdatamodel; path = App.xcdatamodel; sourceTree = "<group>"; };
		9A53648F265D9D1B001A322B /* CoreDataStack.swift */ = {isa = PBXFileReference; lastKnownFileType = sourcecode.swift; path = CoreDataStack.swift; sourceTree = "<group>"; };
		9A8AA5A525ABE6E000418C23 /* App.app */ = {isa = PBXFileReference; explicitFileType = wrapper.application; includeInIndex = 0; path = App.app; sourceTree = BUILT_PRODUCTS_DIR; };
		9A8AA5A825ABE6E000418C23 /* AppDelegate.swift */ = {isa = PBXFileReference; lastKnownFileType = sourcecode.swift; path = AppDelegate.swift; sourceTree = "<group>"; };
		9A8AA5AA25ABE6E000418C23 /* SceneDelegate.swift */ = {isa = PBXFileReference; lastKnownFileType = sourcecode.swift; path = SceneDelegate.swift; sourceTree = "<group>"; };
		9A8AA5AC25ABE6E000418C23 /* ViewController.swift */ = {isa = PBXFileReference; lastKnownFileType = sourcecode.swift; path = ViewController.swift; sourceTree = "<group>"; };
		9A8AA5AF25ABE6E000418C23 /* Base */ = {isa = PBXFileReference; lastKnownFileType = file.storyboard; name = Base; path = Base.lproj/Main.storyboard; sourceTree = "<group>"; };
		9A8AA5B425ABE6E100418C23 /* Assets.xcassets */ = {isa = PBXFileReference; lastKnownFileType = folder.assetcatalog; path = Assets.xcassets; sourceTree = "<group>"; };
		9A8AA5B725ABE6E100418C23 /* Base */ = {isa = PBXFileReference; lastKnownFileType = file.storyboard; name = Base; path = Base.lproj/LaunchScreen.storyboard; sourceTree = "<group>"; };
		9A8AA5B925ABE6E100418C23 /* Info.plist */ = {isa = PBXFileReference; lastKnownFileType = text.plist.xml; path = Info.plist; sourceTree = "<group>"; };
		9A8AA5BE25ABE6E100418C23 /* AppTests.xctest */ = {isa = PBXFileReference; explicitFileType = wrapper.cfbundle; includeInIndex = 0; path = AppTests.xctest; sourceTree = BUILT_PRODUCTS_DIR; };
		9A8AA5C225ABE6E100418C23 /* MigrationTests.swift */ = {isa = PBXFileReference; lastKnownFileType = sourcecode.swift; path = MigrationTests.swift; sourceTree = "<group>"; };
		9A8AA5C425ABE6E100418C23 /* Info.plist */ = {isa = PBXFileReference; lastKnownFileType = text.plist.xml; path = Info.plist; sourceTree = "<group>"; };
		9A8AA5C925ABE6E100418C23 /* AppUITests.xctest */ = {isa = PBXFileReference; explicitFileType = wrapper.cfbundle; includeInIndex = 0; path = AppUITests.xctest; sourceTree = BUILT_PRODUCTS_DIR; };
		9ACFB5F12695E59A006C2F3C /* NestedCoreDataStack.swift */ = {isa = PBXFileReference; lastKnownFileType = sourcecode.swift; path = NestedCoreDataStack.swift; sourceTree = "<group>"; };
		9AE3432025ABF7640027965B /* CoreDataUtils.swift */ = {isa = PBXFileReference; lastKnownFileType = sourcecode.swift; path = CoreDataUtils.swift; sourceTree = "<group>"; };
/* End PBXFileReference section */

/* Begin PBXFrameworksBuildPhase section */
		9A8AA5A225ABE6E000418C23 /* Frameworks */ = {
			isa = PBXFrameworksBuildPhase;
			buildActionMask = 2147483647;
			files = (
			);
			runOnlyForDeploymentPostprocessing = 0;
		};
		9A8AA5BB25ABE6E100418C23 /* Frameworks */ = {
			isa = PBXFrameworksBuildPhase;
			buildActionMask = 2147483647;
			files = (
			);
			runOnlyForDeploymentPostprocessing = 0;
		};
		9A8AA5C625ABE6E100418C23 /* Frameworks */ = {
			isa = PBXFrameworksBuildPhase;
			buildActionMask = 2147483647;
			files = (
			);
			runOnlyForDeploymentPostprocessing = 0;
		};
/* End PBXFrameworksBuildPhase section */

/* Begin PBXGroup section */
		9A630D3F2693343F007762E1 /* CoreDataStack */ = {
			isa = PBXGroup;
			children = (
				9A53648F265D9D1B001A322B /* CoreDataStack.swift */,
				9AE3432025ABF7640027965B /* CoreDataUtils.swift */,
				9ACFB5F12695E59A006C2F3C /* NestedCoreDataStack.swift */,
			);
			path = CoreDataStack;
			sourceTree = "<group>";
		};
		9A8AA59C25ABE6E000418C23 = {
			isa = PBXGroup;
			children = (
				9A8AA5A725ABE6E000418C23 /* App */,
				9A8AA5C125ABE6E100418C23 /* AppTests */,
				9A8AA5A625ABE6E000418C23 /* Products */,
			);
			sourceTree = "<group>";
		};
		9A8AA5A625ABE6E000418C23 /* Products */ = {
			isa = PBXGroup;
			children = (
				9A8AA5A525ABE6E000418C23 /* App.app */,
				9A8AA5BE25ABE6E100418C23 /* AppTests.xctest */,
				9A8AA5C925ABE6E100418C23 /* AppUITests.xctest */,
			);
			name = Products;
			sourceTree = "<group>";
		};
		9A8AA5A725ABE6E000418C23 /* App */ = {
			isa = PBXGroup;
			children = (
				9A630D3F2693343F007762E1 /* CoreDataStack */,
				9A8AA5A825ABE6E000418C23 /* AppDelegate.swift */,
				9A8AA5AA25ABE6E000418C23 /* SceneDelegate.swift */,
				9A8AA5AC25ABE6E000418C23 /* ViewController.swift */,
				9A8AA5AE25ABE6E000418C23 /* Main.storyboard */,
				9A8AA5B425ABE6E100418C23 /* Assets.xcassets */,
				9A8AA5B625ABE6E100418C23 /* LaunchScreen.storyboard */,
				9A8AA5B925ABE6E100418C23 /* Info.plist */,
				9A536482265D89B7001A322B /* App.xcdatamodeld */,
				9A0FDB07265E9E4600F99A97 /* PerformanceTestViewController.swift */,
			);
			path = App;
			sourceTree = "<group>";
		};
		9A8AA5C125ABE6E100418C23 /* AppTests */ = {
			isa = PBXGroup;
			children = (
				9A8AA5C225ABE6E100418C23 /* MigrationTests.swift */,
				9A8AA5C425ABE6E100418C23 /* Info.plist */,
			);
			path = AppTests;
			sourceTree = "<group>";
		};
/* End PBXGroup section */

/* Begin PBXNativeTarget section */
		9A8AA5A425ABE6E000418C23 /* App */ = {
			isa = PBXNativeTarget;
			buildConfigurationList = 9A8AA5D225ABE6E100418C23 /* Build configuration list for PBXNativeTarget "App" */;
			buildPhases = (
				9A8AA5A125ABE6E000418C23 /* Sources */,
				9A8AA5A225ABE6E000418C23 /* Frameworks */,
				9A8AA5A325ABE6E000418C23 /* Resources */,
			);
			buildRules = (
			);
			dependencies = (
			);
			name = App;
			productName = App;
			productReference = 9A8AA5A525ABE6E000418C23 /* App.app */;
			productType = "com.apple.product-type.application";
		};
		9A8AA5BD25ABE6E100418C23 /* AppTests */ = {
			isa = PBXNativeTarget;
			buildConfigurationList = 9A8AA5D525ABE6E100418C23 /* Build configuration list for PBXNativeTarget "AppTests" */;
			buildPhases = (
				9A8AA5BA25ABE6E100418C23 /* Sources */,
				9A8AA5BB25ABE6E100418C23 /* Frameworks */,
				9A8AA5BC25ABE6E100418C23 /* Resources */,
			);
			buildRules = (
			);
			dependencies = (
				9A8AA5C025ABE6E100418C23 /* PBXTargetDependency */,
			);
			name = AppTests;
			productName = AppTests;
			productReference = 9A8AA5BE25ABE6E100418C23 /* AppTests.xctest */;
			productType = "com.apple.product-type.bundle.unit-test";
		};
		9A8AA5C825ABE6E100418C23 /* AppUITests */ = {
			isa = PBXNativeTarget;
			buildConfigurationList = 9A8AA5D825ABE6E100418C23 /* Build configuration list for PBXNativeTarget "AppUITests" */;
			buildPhases = (
				9A8AA5C525ABE6E100418C23 /* Sources */,
				9A8AA5C625ABE6E100418C23 /* Frameworks */,
				9A8AA5C725ABE6E100418C23 /* Resources */,
			);
			buildRules = (
			);
			dependencies = (
				9A8AA5CB25ABE6E100418C23 /* PBXTargetDependency */,
			);
			name = AppUITests;
			productName = AppUITests;
			productReference = 9A8AA5C925ABE6E100418C23 /* AppUITests.xctest */;
			productType = "com.apple.product-type.bundle.ui-testing";
		};
/* End PBXNativeTarget section */

/* Begin PBXProject section */
		9A8AA59D25ABE6E000418C23 /* Project object */ = {
			isa = PBXProject;
			attributes = {
				LastSwiftUpdateCheck = 1230;
				LastUpgradeCheck = 1230;
				TargetAttributes = {
					9A8AA5A425ABE6E000418C23 = {
						CreatedOnToolsVersion = 12.3;
					};
					9A8AA5BD25ABE6E100418C23 = {
						CreatedOnToolsVersion = 12.3;
						TestTargetID = 9A8AA5A425ABE6E000418C23;
					};
					9A8AA5C825ABE6E100418C23 = {
						CreatedOnToolsVersion = 12.3;
						TestTargetID = 9A8AA5A425ABE6E000418C23;
					};
				};
			};
			buildConfigurationList = 9A8AA5A025ABE6E000418C23 /* Build configuration list for PBXProject "App" */;
			compatibilityVersion = "Xcode 9.3";
			developmentRegion = en;
			hasScannedForEncodings = 0;
			knownRegions = (
				en,
				Base,
			);
			mainGroup = 9A8AA59C25ABE6E000418C23;
			productRefGroup = 9A8AA5A625ABE6E000418C23 /* Products */;
			projectDirPath = "";
			projectRoot = "";
			targets = (
				9A8AA5A425ABE6E000418C23 /* App */,
				9A8AA5BD25ABE6E100418C23 /* AppTests */,
				9A8AA5C825ABE6E100418C23 /* AppUITests */,
			);
		};
/* End PBXProject section */

/* Begin PBXResourcesBuildPhase section */
		9A8AA5A325ABE6E000418C23 /* Resources */ = {
			isa = PBXResourcesBuildPhase;
			buildActionMask = 2147483647;
			files = (
				9A8AA5B825ABE6E100418C23 /* LaunchScreen.storyboard in Resources */,
				9A8AA5B525ABE6E100418C23 /* Assets.xcassets in Resources */,
				9A8AA5B025ABE6E000418C23 /* Main.storyboard in Resources */,
			);
			runOnlyForDeploymentPostprocessing = 0;
		};
		9A8AA5BC25ABE6E100418C23 /* Resources */ = {
			isa = PBXResourcesBuildPhase;
			buildActionMask = 2147483647;
			files = (
			);
			runOnlyForDeploymentPostprocessing = 0;
		};
		9A8AA5C725ABE6E100418C23 /* Resources */ = {
			isa = PBXResourcesBuildPhase;
			buildActionMask = 2147483647;
			files = (
			);
			runOnlyForDeploymentPostprocessing = 0;
		};
/* End PBXResourcesBuildPhase section */

/* Begin PBXSourcesBuildPhase section */
		9A8AA5A125ABE6E000418C23 /* Sources */ = {
			isa = PBXSourcesBuildPhase;
			buildActionMask = 2147483647;
			files = (
				9ACFB5F22695E59A006C2F3C /* NestedCoreDataStack.swift in Sources */,
				9A8AA5AD25ABE6E000418C23 /* ViewController.swift in Sources */,
				9A536484265D89B7001A322B /* App.xcdatamodeld in Sources */,
				9A0FDB08265E9E4600F99A97 /* PerformanceTestViewController.swift in Sources */,
				9A8AA5A925ABE6E000418C23 /* AppDelegate.swift in Sources */,
				9A536490265D9D1B001A322B /* CoreDataStack.swift in Sources */,
				9A8AA5AB25ABE6E000418C23 /* SceneDelegate.swift in Sources */,
				9A536488265D90E4001A322B /* CoreDataUtils.swift in Sources */,
			);
			runOnlyForDeploymentPostprocessing = 0;
		};
		9A8AA5BA25ABE6E100418C23 /* Sources */ = {
			isa = PBXSourcesBuildPhase;
			buildActionMask = 2147483647;
			files = (
				9A8AA5C325ABE6E100418C23 /* MigrationTests.swift in Sources */,
			);
			runOnlyForDeploymentPostprocessing = 0;
		};
		9A8AA5C525ABE6E100418C23 /* Sources */ = {
			isa = PBXSourcesBuildPhase;
			buildActionMask = 2147483647;
			files = (
			);
			runOnlyForDeploymentPostprocessing = 0;
		};
/* End PBXSourcesBuildPhase section */

/* Begin PBXTargetDependency section */
		9A8AA5C025ABE6E100418C23 /* PBXTargetDependency */ = {
			isa = PBXTargetDependency;
			target = 9A8AA5A425ABE6E000418C23 /* App */;
			targetProxy = 9A8AA5BF25ABE6E100418C23 /* PBXContainerItemProxy */;
		};
		9A8AA5CB25ABE6E100418C23 /* PBXTargetDependency */ = {
			isa = PBXTargetDependency;
			target = 9A8AA5A425ABE6E000418C23 /* App */;
			targetProxy = 9A8AA5CA25ABE6E100418C23 /* PBXContainerItemProxy */;
		};
/* End PBXTargetDependency section */

/* Begin PBXVariantGroup section */
		9A8AA5AE25ABE6E000418C23 /* Main.storyboard */ = {
			isa = PBXVariantGroup;
			children = (
				9A8AA5AF25ABE6E000418C23 /* Base */,
			);
			name = Main.storyboard;
			sourceTree = "<group>";
		};
		9A8AA5B625ABE6E100418C23 /* LaunchScreen.storyboard */ = {
			isa = PBXVariantGroup;
			children = (
				9A8AA5B725ABE6E100418C23 /* Base */,
			);
			name = LaunchScreen.storyboard;
			sourceTree = "<group>";
		};
/* End PBXVariantGroup section */

/* Begin XCBuildConfiguration section */
		9A8AA5D025ABE6E100418C23 /* Debug */ = {
			isa = XCBuildConfiguration;
			buildSettings = {
				ALWAYS_SEARCH_USER_PATHS = NO;
				CLANG_ANALYZER_NONNULL = YES;
				CLANG_ANALYZER_NUMBER_OBJECT_CONVERSION = YES_AGGRESSIVE;
				CLANG_CXX_LANGUAGE_STANDARD = "gnu++14";
				CLANG_CXX_LIBRARY = "libc++";
				CLANG_ENABLE_MODULES = YES;
				CLANG_ENABLE_OBJC_ARC = YES;
				CLANG_ENABLE_OBJC_WEAK = YES;
				CLANG_WARN_BLOCK_CAPTURE_AUTORELEASING = YES;
				CLANG_WARN_BOOL_CONVERSION = YES;
				CLANG_WARN_COMMA = YES;
				CLANG_WARN_CONSTANT_CONVERSION = YES;
				CLANG_WARN_DEPRECATED_OBJC_IMPLEMENTATIONS = YES;
				CLANG_WARN_DIRECT_OBJC_ISA_USAGE = YES_ERROR;
				CLANG_WARN_DOCUMENTATION_COMMENTS = YES;
				CLANG_WARN_EMPTY_BODY = YES;
				CLANG_WARN_ENUM_CONVERSION = YES;
				CLANG_WARN_INFINITE_RECURSION = YES;
				CLANG_WARN_INT_CONVERSION = YES;
				CLANG_WARN_NON_LITERAL_NULL_CONVERSION = YES;
				CLANG_WARN_OBJC_IMPLICIT_RETAIN_SELF = YES;
				CLANG_WARN_OBJC_LITERAL_CONVERSION = YES;
				CLANG_WARN_OBJC_ROOT_CLASS = YES_ERROR;
				CLANG_WARN_QUOTED_INCLUDE_IN_FRAMEWORK_HEADER = YES;
				CLANG_WARN_RANGE_LOOP_ANALYSIS = YES;
				CLANG_WARN_STRICT_PROTOTYPES = YES;
				CLANG_WARN_SUSPICIOUS_MOVE = YES;
				CLANG_WARN_UNGUARDED_AVAILABILITY = YES_AGGRESSIVE;
				CLANG_WARN_UNREACHABLE_CODE = YES;
				CLANG_WARN__DUPLICATE_METHOD_MATCH = YES;
				COPY_PHASE_STRIP = NO;
				DEBUG_INFORMATION_FORMAT = dwarf;
				ENABLE_STRICT_OBJC_MSGSEND = YES;
				ENABLE_TESTABILITY = YES;
				GCC_C_LANGUAGE_STANDARD = gnu11;
				GCC_DYNAMIC_NO_PIC = NO;
				GCC_NO_COMMON_BLOCKS = YES;
				GCC_OPTIMIZATION_LEVEL = 0;
				GCC_PREPROCESSOR_DEFINITIONS = (
					"DEBUG=1",
					"$(inherited)",
				);
				GCC_WARN_64_TO_32_BIT_CONVERSION = YES;
				GCC_WARN_ABOUT_RETURN_TYPE = YES_ERROR;
				GCC_WARN_UNDECLARED_SELECTOR = YES;
				GCC_WARN_UNINITIALIZED_AUTOS = YES_AGGRESSIVE;
				GCC_WARN_UNUSED_FUNCTION = YES;
				GCC_WARN_UNUSED_VARIABLE = YES;
				IPHONEOS_DEPLOYMENT_TARGET = 14.3;
				MTL_ENABLE_DEBUG_INFO = INCLUDE_SOURCE;
				MTL_FAST_MATH = YES;
				ONLY_ACTIVE_ARCH = YES;
				SDKROOT = iphoneos;
				SWIFT_ACTIVE_COMPILATION_CONDITIONS = DEBUG;
				SWIFT_OPTIMIZATION_LEVEL = "-Onone";
			};
			name = Debug;
		};
		9A8AA5D125ABE6E100418C23 /* Release */ = {
			isa = XCBuildConfiguration;
			buildSettings = {
				ALWAYS_SEARCH_USER_PATHS = NO;
				CLANG_ANALYZER_NONNULL = YES;
				CLANG_ANALYZER_NUMBER_OBJECT_CONVERSION = YES_AGGRESSIVE;
				CLANG_CXX_LANGUAGE_STANDARD = "gnu++14";
				CLANG_CXX_LIBRARY = "libc++";
				CLANG_ENABLE_MODULES = YES;
				CLANG_ENABLE_OBJC_ARC = YES;
				CLANG_ENABLE_OBJC_WEAK = YES;
				CLANG_WARN_BLOCK_CAPTURE_AUTORELEASING = YES;
				CLANG_WARN_BOOL_CONVERSION = YES;
				CLANG_WARN_COMMA = YES;
				CLANG_WARN_CONSTANT_CONVERSION = YES;
				CLANG_WARN_DEPRECATED_OBJC_IMPLEMENTATIONS = YES;
				CLANG_WARN_DIRECT_OBJC_ISA_USAGE = YES_ERROR;
				CLANG_WARN_DOCUMENTATION_COMMENTS = YES;
				CLANG_WARN_EMPTY_BODY = YES;
				CLANG_WARN_ENUM_CONVERSION = YES;
				CLANG_WARN_INFINITE_RECURSION = YES;
				CLANG_WARN_INT_CONVERSION = YES;
				CLANG_WARN_NON_LITERAL_NULL_CONVERSION = YES;
				CLANG_WARN_OBJC_IMPLICIT_RETAIN_SELF = YES;
				CLANG_WARN_OBJC_LITERAL_CONVERSION = YES;
				CLANG_WARN_OBJC_ROOT_CLASS = YES_ERROR;
				CLANG_WARN_QUOTED_INCLUDE_IN_FRAMEWORK_HEADER = YES;
				CLANG_WARN_RANGE_LOOP_ANALYSIS = YES;
				CLANG_WARN_STRICT_PROTOTYPES = YES;
				CLANG_WARN_SUSPICIOUS_MOVE = YES;
				CLANG_WARN_UNGUARDED_AVAILABILITY = YES_AGGRESSIVE;
				CLANG_WARN_UNREACHABLE_CODE = YES;
				CLANG_WARN__DUPLICATE_METHOD_MATCH = YES;
				COPY_PHASE_STRIP = NO;
				DEBUG_INFORMATION_FORMAT = "dwarf-with-dsym";
				ENABLE_NS_ASSERTIONS = NO;
				ENABLE_STRICT_OBJC_MSGSEND = YES;
				GCC_C_LANGUAGE_STANDARD = gnu11;
				GCC_NO_COMMON_BLOCKS = YES;
				GCC_WARN_64_TO_32_BIT_CONVERSION = YES;
				GCC_WARN_ABOUT_RETURN_TYPE = YES_ERROR;
				GCC_WARN_UNDECLARED_SELECTOR = YES;
				GCC_WARN_UNINITIALIZED_AUTOS = YES_AGGRESSIVE;
				GCC_WARN_UNUSED_FUNCTION = YES;
				GCC_WARN_UNUSED_VARIABLE = YES;
				IPHONEOS_DEPLOYMENT_TARGET = 14.3;
				MTL_ENABLE_DEBUG_INFO = NO;
				MTL_FAST_MATH = YES;
				SDKROOT = iphoneos;
				SWIFT_COMPILATION_MODE = wholemodule;
				SWIFT_OPTIMIZATION_LEVEL = "-O";
				VALIDATE_PRODUCT = YES;
			};
			name = Release;
		};
		9A8AA5D325ABE6E100418C23 /* Debug */ = {
			isa = XCBuildConfiguration;
			buildSettings = {
				ASSETCATALOG_COMPILER_APPICON_NAME = AppIcon;
				ASSETCATALOG_COMPILER_GLOBAL_ACCENT_COLOR_NAME = AccentColor;
				CODE_SIGN_STYLE = Automatic;
				INFOPLIST_FILE = App/Info.plist;
				LD_RUNPATH_SEARCH_PATHS = (
					"$(inherited)",
					"@executable_path/Frameworks",
				);
				PRODUCT_BUNDLE_IDENTIFIER = com.ifcaselet.App;
				PRODUCT_NAME = "$(TARGET_NAME)";
				SWIFT_VERSION = 5.0;
				TARGETED_DEVICE_FAMILY = "1,2";
			};
			name = Debug;
		};
		9A8AA5D425ABE6E100418C23 /* Release */ = {
			isa = XCBuildConfiguration;
			buildSettings = {
				ASSETCATALOG_COMPILER_APPICON_NAME = AppIcon;
				ASSETCATALOG_COMPILER_GLOBAL_ACCENT_COLOR_NAME = AccentColor;
				CODE_SIGN_STYLE = Automatic;
				INFOPLIST_FILE = App/Info.plist;
				LD_RUNPATH_SEARCH_PATHS = (
					"$(inherited)",
					"@executable_path/Frameworks",
				);
				PRODUCT_BUNDLE_IDENTIFIER = com.ifcaselet.App;
				PRODUCT_NAME = "$(TARGET_NAME)";
				SWIFT_VERSION = 5.0;
				TARGETED_DEVICE_FAMILY = "1,2";
			};
			name = Release;
		};
		9A8AA5D625ABE6E100418C23 /* Debug */ = {
			isa = XCBuildConfiguration;
			buildSettings = {
				ALWAYS_EMBED_SWIFT_STANDARD_LIBRARIES = YES;
				BUNDLE_LOADER = "$(TEST_HOST)";
				CODE_SIGN_STYLE = Automatic;
				INFOPLIST_FILE = AppTests/Info.plist;
				IPHONEOS_DEPLOYMENT_TARGET = 14.3;
				LD_RUNPATH_SEARCH_PATHS = (
					"$(inherited)",
					"@executable_path/Frameworks",
					"@loader_path/Frameworks",
				);
				PRODUCT_BUNDLE_IDENTIFIER = com.ifcaselet.AppTests;
				PRODUCT_NAME = "$(TARGET_NAME)";
				SWIFT_VERSION = 5.0;
				TARGETED_DEVICE_FAMILY = "1,2";
				TEST_HOST = "$(BUILT_PRODUCTS_DIR)/App.app/App";
			};
			name = Debug;
		};
		9A8AA5D725ABE6E100418C23 /* Release */ = {
			isa = XCBuildConfiguration;
			buildSettings = {
				ALWAYS_EMBED_SWIFT_STANDARD_LIBRARIES = YES;
				BUNDLE_LOADER = "$(TEST_HOST)";
				CODE_SIGN_STYLE = Automatic;
				INFOPLIST_FILE = AppTests/Info.plist;
				IPHONEOS_DEPLOYMENT_TARGET = 14.3;
				LD_RUNPATH_SEARCH_PATHS = (
					"$(inherited)",
					"@executable_path/Frameworks",
					"@loader_path/Frameworks",
				);
				PRODUCT_BUNDLE_IDENTIFIER = com.ifcaselet.AppTests;
				PRODUCT_NAME = "$(TARGET_NAME)";
				SWIFT_VERSION = 5.0;
				TARGETED_DEVICE_FAMILY = "1,2";
				TEST_HOST = "$(BUILT_PRODUCTS_DIR)/App.app/App";
			};
			name = Release;
		};
		9A8AA5D925ABE6E100418C23 /* Debug */ = {
			isa = XCBuildConfiguration;
			buildSettings = {
				ALWAYS_EMBED_SWIFT_STANDARD_LIBRARIES = YES;
				CODE_SIGN_STYLE = Automatic;
				INFOPLIST_FILE = AppUITests/Info.plist;
				LD_RUNPATH_SEARCH_PATHS = (
					"$(inherited)",
					"@executable_path/Frameworks",
					"@loader_path/Frameworks",
				);
				PRODUCT_BUNDLE_IDENTIFIER = com.ifcaselet.AppUITests;
				PRODUCT_NAME = "$(TARGET_NAME)";
				SWIFT_VERSION = 5.0;
				TARGETED_DEVICE_FAMILY = "1,2";
				TEST_TARGET_NAME = App;
			};
			name = Debug;
		};
		9A8AA5DA25ABE6E100418C23 /* Release */ = {
			isa = XCBuildConfiguration;
			buildSettings = {
				ALWAYS_EMBED_SWIFT_STANDARD_LIBRARIES = YES;
				CODE_SIGN_STYLE = Automatic;
				INFOPLIST_FILE = AppUITests/Info.plist;
				LD_RUNPATH_SEARCH_PATHS = (
					"$(inherited)",
					"@executable_path/Frameworks",
					"@loader_path/Frameworks",
				);
				PRODUCT_BUNDLE_IDENTIFIER = com.ifcaselet.AppUITests;
				PRODUCT_NAME = "$(TARGET_NAME)";
				SWIFT_VERSION = 5.0;
				TARGETED_DEVICE_FAMILY = "1,2";
				TEST_TARGET_NAME = App;
			};
			name = Release;
		};
/* End XCBuildConfiguration section */

/* Begin XCConfigurationList section */
		9A8AA5A025ABE6E000418C23 /* Build configuration list for PBXProject "App" */ = {
			isa = XCConfigurationList;
			buildConfigurations = (
				9A8AA5D025ABE6E100418C23 /* Debug */,
				9A8AA5D125ABE6E100418C23 /* Release */,
			);
			defaultConfigurationIsVisible = 0;
			defaultConfigurationName = Release;
		};
		9A8AA5D225ABE6E100418C23 /* Build configuration list for PBXNativeTarget "App" */ = {
			isa = XCConfigurationList;
			buildConfigurations = (
				9A8AA5D325ABE6E100418C23 /* Debug */,
				9A8AA5D425ABE6E100418C23 /* Release */,
			);
			defaultConfigurationIsVisible = 0;
			defaultConfigurationName = Release;
		};
		9A8AA5D525ABE6E100418C23 /* Build configuration list for PBXNativeTarget "AppTests" */ = {
			isa = XCConfigurationList;
			buildConfigurations = (
				9A8AA5D625ABE6E100418C23 /* Debug */,
				9A8AA5D725ABE6E100418C23 /* Release */,
			);
			defaultConfigurationIsVisible = 0;
			defaultConfigurationName = Release;
		};
		9A8AA5D825ABE6E100418C23 /* Build configuration list for PBXNativeTarget "AppUITests" */ = {
			isa = XCConfigurationList;
			buildConfigurations = (
				9A8AA5D925ABE6E100418C23 /* Debug */,
				9A8AA5DA25ABE6E100418C23 /* Release */,
			);
			defaultConfigurationIsVisible = 0;
			defaultConfigurationName = Release;
		};
/* End XCConfigurationList section */

/* Begin XCVersionGroup section */
		9A536482265D89B7001A322B /* App.xcdatamodeld */ = {
			isa = XCVersionGroup;
			children = (
				9A536483265D89B7001A322B /* App.xcdatamodel */,
			);
			currentVersion = 9A536483265D89B7001A322B /* App.xcdatamodel */;
			path = App.xcdatamodeld;
			sourceTree = "<group>";
			versionGroupType = wrapper.xcdatamodel;
		};
/* End XCVersionGroup section */
	};
	rootObject = 9A8AA59D25ABE6E000418C23 /* Project object */;
}
